
Microsoft Visual Studio Solution File, Format Version 12.00
# Visual Studio Version 17
VisualStudioVersion = 17.0.32014.148
MinimumVisualStudioVersion = 10.0.40219.1
Project("{FAE04EC0-301F-11D3-BF4B-00C04F79EFBC}") = "lab_2_zadanie", "lab_2_zadanie\lab_2_zadanie.csproj", "{4146691B-DD97-4A4E-812C-B5E58657CBBA}"
EndProject
Global
	GlobalSection(SolutionConfigurationPlatforms) = preSolution
		Debug|Any CPU = Debug|Any CPU
		Release|Any CPU = Release|Any CPU
	EndGlobalSection
	GlobalSection(ProjectConfigurationPlatforms) = postSolution
		{4146691B-DD97-4A4E-812C-B5E58657CBBA}.Debug|Any CPU.ActiveCfg = Debug|Any CPU
		{4146691B-DD97-4A4E-812C-B5E58657CBBA}.Debug|Any CPU.Build.0 = Debug|Any CPU
		{4146691B-DD97-4A4E-812C-B5E58657CBBA}.Release|Any CPU.ActiveCfg = Release|Any CPU
		{4146691B-DD97-4A4E-812C-B5E58657CBBA}.Release|Any CPU.Build.0 = Release|Any CPU
	EndGlobalSection
	GlobalSection(SolutionProperties) = preSolution
		HideSolutionNode = FALSE
	EndGlobalSection
	GlobalSection(ExtensibilityGlobals) = postSolution
		SolutionGuid = {10A417E6-A5F5-4C2D-8FD1-869A2F8C49A5}
	EndGlobalSection
EndGlobal
