
Microsoft Visual Studio Solution File, Format Version 12.00
# Visual Studio Version 16
VisualStudioVersion = 16.0.31624.102
MinimumVisualStudioVersion = 10.0.40219.1
Project("{9A19103F-16F7-4668-BE54-9A1E7A4F7556}") = "ConsoleApp1", "ConsoleApp1\ConsoleApp1.csproj", "{9D791428-C3AF-40D1-A336-BE10D0C6E65E}"
EndProject
Project("{9A19103F-16F7-4668-BE54-9A1E7A4F7556}") = "Lab_06", "Lab_06\Lab_06.csproj", "{728A0110-5A04-4459-9BF1-44021FCD3563}"
EndProject
Project("{9A19103F-16F7-4668-BE54-9A1E7A4F7556}") = "Lab10", "Lab10\Lab10.csproj", "{19934E4E-FC98-4E12-9271-143566965E50}"
EndProject
Project("{9A19103F-16F7-4668-BE54-9A1E7A4F7556}") = "Lab_07b", "Lab_07b\Lab_07b.csproj", "{403F5675-A745-411F-9A36-AE9784C3C91A}"
EndProject
Project("{9A19103F-16F7-4668-BE54-9A1E7A4F7556}") = "Lab_08", "Lab_08\Lab_08.csproj", "{E33763D5-7B60-4D62-B140-4046F863B63C}"
EndProject
Project("{FAE04EC0-301F-11D3-BF4B-00C04F79EFBC}") = "ExamPrep", "ExamPrep\ExamPrep.csproj", "{38C8C7A6-C5FE-436B-9E0F-5C9551B31F3E}"
EndProject
Global
	GlobalSection(SolutionConfigurationPlatforms) = preSolution
		Debug|Any CPU = Debug|Any CPU
		Release|Any CPU = Release|Any CPU
	EndGlobalSection
	GlobalSection(ProjectConfigurationPlatforms) = postSolution
		{9D791428-C3AF-40D1-A336-BE10D0C6E65E}.Debug|Any CPU.ActiveCfg = Debug|Any CPU
		{9D791428-C3AF-40D1-A336-BE10D0C6E65E}.Debug|Any CPU.Build.0 = Debug|Any CPU
		{9D791428-C3AF-40D1-A336-BE10D0C6E65E}.Release|Any CPU.ActiveCfg = Release|Any CPU
		{9D791428-C3AF-40D1-A336-BE10D0C6E65E}.Release|Any CPU.Build.0 = Release|Any CPU
		{728A0110-5A04-4459-9BF1-44021FCD3563}.Debug|Any CPU.ActiveCfg = Debug|Any CPU
		{728A0110-5A04-4459-9BF1-44021FCD3563}.Debug|Any CPU.Build.0 = Debug|Any CPU
		{728A0110-5A04-4459-9BF1-44021FCD3563}.Release|Any CPU.ActiveCfg = Release|Any CPU
		{728A0110-5A04-4459-9BF1-44021FCD3563}.Release|Any CPU.Build.0 = Release|Any CPU
		{19934E4E-FC98-4E12-9271-143566965E50}.Debug|Any CPU.ActiveCfg = Debug|Any CPU
		{19934E4E-FC98-4E12-9271-143566965E50}.Debug|Any CPU.Build.0 = Debug|Any CPU
		{19934E4E-FC98-4E12-9271-143566965E50}.Release|Any CPU.ActiveCfg = Release|Any CPU
		{19934E4E-FC98-4E12-9271-143566965E50}.Release|Any CPU.Build.0 = Release|Any CPU
		{403F5675-A745-411F-9A36-AE9784C3C91A}.Debug|Any CPU.ActiveCfg = Debug|Any CPU
		{403F5675-A745-411F-9A36-AE9784C3C91A}.Debug|Any CPU.Build.0 = Debug|Any CPU
		{403F5675-A745-411F-9A36-AE9784C3C91A}.Release|Any CPU.ActiveCfg = Release|Any CPU
		{403F5675-A745-411F-9A36-AE9784C3C91A}.Release|Any CPU.Build.0 = Release|Any CPU
		{E33763D5-7B60-4D62-B140-4046F863B63C}.Debug|Any CPU.ActiveCfg = Debug|Any CPU
		{E33763D5-7B60-4D62-B140-4046F863B63C}.Debug|Any CPU.Build.0 = Debug|Any CPU
		{E33763D5-7B60-4D62-B140-4046F863B63C}.Release|Any CPU.ActiveCfg = Release|Any CPU
		{E33763D5-7B60-4D62-B140-4046F863B63C}.Release|Any CPU.Build.0 = Release|Any CPU
		{38C8C7A6-C5FE-436B-9E0F-5C9551B31F3E}.Debug|Any CPU.ActiveCfg = Debug|Any CPU
		{38C8C7A6-C5FE-436B-9E0F-5C9551B31F3E}.Debug|Any CPU.Build.0 = Debug|Any CPU
		{38C8C7A6-C5FE-436B-9E0F-5C9551B31F3E}.Release|Any CPU.ActiveCfg = Release|Any CPU
		{38C8C7A6-C5FE-436B-9E0F-5C9551B31F3E}.Release|Any CPU.Build.0 = Release|Any CPU
	EndGlobalSection
	GlobalSection(SolutionProperties) = preSolution
		HideSolutionNode = FALSE
	EndGlobalSection
	GlobalSection(ExtensibilityGlobals) = postSolution
		SolutionGuid = {CC04D8D2-3697-4A3A-B430-A700985F0477}
	EndGlobalSection
EndGlobal
